
Microsoft Visual Studio Solution File, Format Version 12.00
# Visual Studio Version 17
VisualStudioVersion = 17.1.32421.90
MinimumVisualStudioVersion = 10.0.40219.1
Project("{9A19103F-16F7-4668-BE54-9A1E7A4F7556}") = "finalProject", "finalProject\finalProject.csproj", "{21F118AC-B140-4BBE-A065-12561D0B4AAA}"
EndProject
Project("{FAE04EC0-301F-11D3-BF4B-00C04F79EFBC}") = "UnitTesting", "UnitTesting\UnitTesting.csproj", "{C3726C12-8549-46AD-8061-E529D3DB2DC1}"
EndProject
Global
	GlobalSection(SolutionConfigurationPlatforms) = preSolution
		Debug|Any CPU = Debug|Any CPU
		Release|Any CPU = Release|Any CPU
	EndGlobalSection
	GlobalSection(ProjectConfigurationPlatforms) = postSolution
		{21F118AC-B140-4BBE-A065-12561D0B4AAA}.Debug|Any CPU.ActiveCfg = Debug|Any CPU
		{21F118AC-B140-4BBE-A065-12561D0B4AAA}.Debug|Any CPU.Build.0 = Debug|Any CPU
		{21F118AC-B140-4BBE-A065-12561D0B4AAA}.Release|Any CPU.ActiveCfg = Release|Any CPU
		{21F118AC-B140-4BBE-A065-12561D0B4AAA}.Release|Any CPU.Build.0 = Release|Any CPU
		{C3726C12-8549-46AD-8061-E529D3DB2DC1}.Debug|Any CPU.ActiveCfg = Debug|Any CPU
		{C3726C12-8549-46AD-8061-E529D3DB2DC1}.Debug|Any CPU.Build.0 = Debug|Any CPU
		{C3726C12-8549-46AD-8061-E529D3DB2DC1}.Release|Any CPU.ActiveCfg = Release|Any CPU
		{C3726C12-8549-46AD-8061-E529D3DB2DC1}.Release|Any CPU.Build.0 = Release|Any CPU
	EndGlobalSection
	GlobalSection(SolutionProperties) = preSolution
		HideSolutionNode = FALSE
	EndGlobalSection
	GlobalSection(ExtensibilityGlobals) = postSolution
		SolutionGuid = {18420494-33EF-48DF-9AEC-F5F3AD327105}
	EndGlobalSection
EndGlobal
